
Microsoft Visual Studio Solution File, Format Version 12.00
# Visual Studio Version 17
VisualStudioVersion = 17.8.34322.80
MinimumVisualStudioVersion = 10.0.40219.1
Project("{9A19103F-16F7-4668-BE54-9A1E7A4F7556}") = "Generate", "Generate\Generate.csproj", "{094647D9-B30F-4A81-95DE-F9F786F95B1B}"
EndProject
Global
	GlobalSection(SolutionConfigurationPlatforms) = preSolution
		Debug|Any CPU = Debug|Any CPU
		Release|Any CPU = Release|Any CPU
	EndGlobalSection
	GlobalSection(ProjectConfigurationPlatforms) = postSolution
		{094647D9-B30F-4A81-95DE-F9F786F95B1B}.Debug|Any CPU.ActiveCfg = Debug|Any CPU
		{094647D9-B30F-4A81-95DE-F9F786F95B1B}.Debug|Any CPU.Build.0 = Debug|Any CPU
		{094647D9-B30F-4A81-95DE-F9F786F95B1B}.Release|Any CPU.ActiveCfg = Release|Any CPU
		{094647D9-B30F-4A81-95DE-F9F786F95B1B}.Release|Any CPU.Build.0 = Release|Any CPU
	EndGlobalSection
	GlobalSection(SolutionProperties) = preSolution
		HideSolutionNode = FALSE
	EndGlobalSection
	GlobalSection(ExtensibilityGlobals) = postSolution
		SolutionGuid = {6DFEECFD-7641-4929-9E1E-8B4E8C4F184B}
	EndGlobalSection
EndGlobal
